
Microsoft Visual Studio Solution File, Format Version 12.00
# Visual Studio Version 17
VisualStudioVersion = 17.5.002.0
MinimumVisualStudioVersion = 10.0.40219.1
Project("{9A19103F-16F7-4668-BE54-9A1E7A4F7556}") = "Lab10_Ex01", "Lab10_Ex01\Lab10_Ex01.csproj", "{355F2F88-0F1D-45FE-8910-44B6B1A1579F}"
EndProject
Global
	GlobalSection(SolutionConfigurationPlatforms) = preSolution
		Debug|Any CPU = Debug|Any CPU
		Release|Any CPU = Release|Any CPU
	EndGlobalSection
	GlobalSection(ProjectConfigurationPlatforms) = postSolution
		{355F2F88-0F1D-45FE-8910-44B6B1A1579F}.Debug|Any CPU.ActiveCfg = Debug|Any CPU
		{355F2F88-0F1D-45FE-8910-44B6B1A1579F}.Debug|Any CPU.Build.0 = Debug|Any CPU
		{355F2F88-0F1D-45FE-8910-44B6B1A1579F}.Release|Any CPU.ActiveCfg = Release|Any CPU
		{355F2F88-0F1D-45FE-8910-44B6B1A1579F}.Release|Any CPU.Build.0 = Release|Any CPU
	EndGlobalSection
	GlobalSection(SolutionProperties) = preSolution
		HideSolutionNode = FALSE
	EndGlobalSection
	GlobalSection(ExtensibilityGlobals) = postSolution
		SolutionGuid = {63425FA1-58B5-401E-B3C7-B3D1EE09FBFC}
	EndGlobalSection
EndGlobal
